// !$*UTF8*$!
{
	archiveVersion = 1;
	classes = {
	};
	objectVersion = 52;
	objects = {

/* Begin PBXBuildFile section */
		EE2DEC4824C121AC002ACC10 /* SwiftSpeechExamplesApp.swift in Sources */ = {isa = PBXBuildFile; fileRef = EE2DEC3524C121AB002ACC10 /* SwiftSpeechExamplesApp.swift */; };
		EE2DEC4924C121AC002ACC10 /* SwiftSpeechExamplesApp.swift in Sources */ = {isa = PBXBuildFile; fileRef = EE2DEC3524C121AB002ACC10 /* SwiftSpeechExamplesApp.swift */; };
		EE2DEC4A24C121AC002ACC10 /* WeChat.swift in Sources */ = {isa = PBXBuildFile; fileRef = EE2DEC3624C121AB002ACC10 /* WeChat.swift */; };
		EE2DEC4B24C121AC002ACC10 /* WeChat.swift in Sources */ = {isa = PBXBuildFile; fileRef = EE2DEC3624C121AB002ACC10 /* WeChat.swift */; };
		EE2DEC4C24C121AC002ACC10 /* Assets.xcassets in Resources */ = {isa = PBXBuildFile; fileRef = EE2DEC3724C121AC002ACC10 /* Assets.xcassets */; };
		EE2DEC4D24C121AC002ACC10 /* Assets.xcassets in Resources */ = {isa = PBXBuildFile; fileRef = EE2DEC3724C121AC002ACC10 /* Assets.xcassets */; };
		EE2DEC5824C1222C002ACC10 /* SwiftSpeech in Frameworks */ = {isa = PBXBuildFile; productRef = EE2DEC5724C1222C002ACC10 /* SwiftSpeech */; };
		EE2DEC5A24C1223A002ACC10 /* SwiftSpeech in Frameworks */ = {isa = PBXBuildFile; productRef = EE2DEC5924C1223A002ACC10 /* SwiftSpeech */; };
		EE9FDE5E24C8007E00D2B33A /* Basic.swift in Sources */ = {isa = PBXBuildFile; fileRef = EE9FDE5D24C8007E00D2B33A /* Basic.swift */; };
		EE9FDE5F24C8008900D2B33A /* Basic.swift in Sources */ = {isa = PBXBuildFile; fileRef = EE9FDE5D24C8007E00D2B33A /* Basic.swift */; };
		EE9FDE6124C800F700D2B33A /* Colors.swift in Sources */ = {isa = PBXBuildFile; fileRef = EE9FDE6024C800F700D2B33A /* Colors.swift */; };
		EE9FDE6224C800F700D2B33A /* Colors.swift in Sources */ = {isa = PBXBuildFile; fileRef = EE9FDE6024C800F700D2B33A /* Colors.swift */; };
		EE9FDE6524C801D900D2B33A /* List.swift in Sources */ = {isa = PBXBuildFile; fileRef = EE9FDE6424C8015500D2B33A /* List.swift */; };
		EE9FDE6624C801D900D2B33A /* List.swift in Sources */ = {isa = PBXBuildFile; fileRef = EE9FDE6424C8015500D2B33A /* List.swift */; };
/* End PBXBuildFile section */

/* Begin PBXFileReference section */
		EE2DEC3524C121AB002ACC10 /* SwiftSpeechExamplesApp.swift */ = {isa = PBXFileReference; lastKnownFileType = sourcecode.swift; path = SwiftSpeechExamplesApp.swift; sourceTree = "<group>"; };
		EE2DEC3624C121AB002ACC10 /* WeChat.swift */ = {isa = PBXFileReference; lastKnownFileType = sourcecode.swift; path = WeChat.swift; sourceTree = "<group>"; };
		EE2DEC3724C121AC002ACC10 /* Assets.xcassets */ = {isa = PBXFileReference; lastKnownFileType = folder.assetcatalog; path = Assets.xcassets; sourceTree = "<group>"; };
		EE2DEC3C24C121AC002ACC10 /* SwiftSpeechExamples.app */ = {isa = PBXFileReference; explicitFileType = wrapper.application; includeInIndex = 0; path = SwiftSpeechExamples.app; sourceTree = BUILT_PRODUCTS_DIR; };
		EE2DEC3F24C121AC002ACC10 /* Info.plist */ = {isa = PBXFileReference; lastKnownFileType = text.plist.xml; path = Info.plist; sourceTree = "<group>"; };
		EE2DEC4424C121AC002ACC10 /* SwiftSpeechExamples.app */ = {isa = PBXFileReference; explicitFileType = wrapper.application; includeInIndex = 0; path = SwiftSpeechExamples.app; sourceTree = BUILT_PRODUCTS_DIR; };
		EE2DEC4624C121AC002ACC10 /* Info.plist */ = {isa = PBXFileReference; lastKnownFileType = text.plist.xml; path = Info.plist; sourceTree = "<group>"; };
		EE2DEC4724C121AC002ACC10 /* macOS.entitlements */ = {isa = PBXFileReference; lastKnownFileType = text.plist.entitlements; path = macOS.entitlements; sourceTree = "<group>"; };
		EE9FDE5D24C8007E00D2B33A /* Basic.swift */ = {isa = PBXFileReference; lastKnownFileType = sourcecode.swift; path = Basic.swift; sourceTree = "<group>"; };
		EE9FDE6024C800F700D2B33A /* Colors.swift */ = {isa = PBXFileReference; lastKnownFileType = sourcecode.swift; path = Colors.swift; sourceTree = "<group>"; };
		EE9FDE6424C8015500D2B33A /* List.swift */ = {isa = PBXFileReference; lastKnownFileType = sourcecode.swift; path = List.swift; sourceTree = "<group>"; };
/* End PBXFileReference section */

/* Begin PBXFrameworksBuildPhase section */
		EE2DEC3924C121AC002ACC10 /* Frameworks */ = {
			isa = PBXFrameworksBuildPhase;
			buildActionMask = 2147483647;
			files = (
				EE2DEC5824C1222C002ACC10 /* SwiftSpeech in Frameworks */,
			);
			runOnlyForDeploymentPostprocessing = 0;
		};
		EE2DEC4124C121AC002ACC10 /* Frameworks */ = {
			isa = PBXFrameworksBuildPhase;
			buildActionMask = 2147483647;
			files = (
				EE2DEC5A24C1223A002ACC10 /* SwiftSpeech in Frameworks */,
			);
			runOnlyForDeploymentPostprocessing = 0;
		};
/* End PBXFrameworksBuildPhase section */

/* Begin PBXGroup section */
		EE2DEC2F24C121AB002ACC10 = {
			isa = PBXGroup;
			children = (
				EE2DEC3424C121AB002ACC10 /* Shared */,
				EE2DEC3E24C121AC002ACC10 /* iOS */,
				EE2DEC4524C121AC002ACC10 /* macOS */,
				EE2DEC3D24C121AC002ACC10 /* Products */,
				EE2DEC5624C1222C002ACC10 /* Frameworks */,
			);
			sourceTree = "<group>";
		};
		EE2DEC3424C121AB002ACC10 /* Shared */ = {
			isa = PBXGroup;
			children = (
				EE9FDE5C24C8006100D2B33A /* Easy */,
				EE9FDE6324C8014400D2B33A /* Medium */,
				EE9FDE6724C801FA00D2B33A /* Hard */,
				EE2DEC3524C121AB002ACC10 /* SwiftSpeechExamplesApp.swift */,
				EE2DEC3724C121AC002ACC10 /* Assets.xcassets */,
			);
			path = Shared;
			sourceTree = "<group>";
		};
		EE2DEC3D24C121AC002ACC10 /* Products */ = {
			isa = PBXGroup;
			children = (
				EE2DEC3C24C121AC002ACC10 /* SwiftSpeechExamples.app */,
				EE2DEC4424C121AC002ACC10 /* SwiftSpeechExamples.app */,
			);
			name = Products;
			sourceTree = "<group>";
		};
		EE2DEC3E24C121AC002ACC10 /* iOS */ = {
			isa = PBXGroup;
			children = (
				EE2DEC3F24C121AC002ACC10 /* Info.plist */,
			);
			path = iOS;
			sourceTree = "<group>";
		};
		EE2DEC4524C121AC002ACC10 /* macOS */ = {
			isa = PBXGroup;
			children = (
				EE2DEC4624C121AC002ACC10 /* Info.plist */,
				EE2DEC4724C121AC002ACC10 /* macOS.entitlements */,
			);
			path = macOS;
			sourceTree = "<group>";
		};
		EE2DEC5624C1222C002ACC10 /* Frameworks */ = {
			isa = PBXGroup;
			children = (
			);
			name = Frameworks;
			sourceTree = "<group>";
		};
		EE9FDE5C24C8006100D2B33A /* Easy */ = {
			isa = PBXGroup;
			children = (
				EE9FDE5D24C8007E00D2B33A /* Basic.swift */,
				EE9FDE6024C800F700D2B33A /* Colors.swift */,
			);
			path = Easy;
			sourceTree = "<group>";
		};
		EE9FDE6324C8014400D2B33A /* Medium */ = {
			isa = PBXGroup;
			children = (
				EE9FDE6424C8015500D2B33A /* List.swift */,
			);
			path = Medium;
			sourceTree = "<group>";
		};
		EE9FDE6724C801FA00D2B33A /* Hard */ = {
			isa = PBXGroup;
			children = (
				EE2DEC3624C121AB002ACC10 /* WeChat.swift */,
			);
			path = Hard;
			sourceTree = "<group>";
		};
/* End PBXGroup section */

/* Begin PBXNativeTarget section */
		EE2DEC3B24C121AC002ACC10 /* iOS */ = {
			isa = PBXNativeTarget;
			buildConfigurationList = EE2DEC5024C121AC002ACC10 /* Build configuration list for PBXNativeTarget "iOS" */;
			buildPhases = (
				EE2DEC3824C121AC002ACC10 /* Sources */,
				EE2DEC3924C121AC002ACC10 /* Frameworks */,
				EE2DEC3A24C121AC002ACC10 /* Resources */,
			);
			buildRules = (
			);
			dependencies = (
			);
			name = iOS;
			packageProductDependencies = (
				EE2DEC5724C1222C002ACC10 /* SwiftSpeech */,
			);
			productName = iOS;
			productReference = EE2DEC3C24C121AC002ACC10 /* SwiftSpeechExamples.app */;
			productType = "com.apple.product-type.application";
		};
		EE2DEC4324C121AC002ACC10 /* macOS */ = {
			isa = PBXNativeTarget;
			buildConfigurationList = EE2DEC5324C121AC002ACC10 /* Build configuration list for PBXNativeTarget "macOS" */;
			buildPhases = (
				EE2DEC4024C121AC002ACC10 /* Sources */,
				EE2DEC4124C121AC002ACC10 /* Frameworks */,
				EE2DEC4224C121AC002ACC10 /* Resources */,
			);
			buildRules = (
			);
			dependencies = (
			);
			name = macOS;
			packageProductDependencies = (
				EE2DEC5924C1223A002ACC10 /* SwiftSpeech */,
			);
			productName = macOS;
			productReference = EE2DEC4424C121AC002ACC10 /* SwiftSpeechExamples.app */;
			productType = "com.apple.product-type.application";
		};
/* End PBXNativeTarget section */

/* Begin PBXProject section */
		EE2DEC3024C121AB002ACC10 /* Project object */ = {
			isa = PBXProject;
			attributes = {
				LastSwiftUpdateCheck = 1200;
				LastUpgradeCheck = 1200;
				TargetAttributes = {
					EE2DEC3B24C121AC002ACC10 = {
						CreatedOnToolsVersion = 12.0;
					};
					EE2DEC4324C121AC002ACC10 = {
						CreatedOnToolsVersion = 12.0;
					};
				};
			};
			buildConfigurationList = EE2DEC3324C121AB002ACC10 /* Build configuration list for PBXProject "SwiftSpeechExamples" */;
			compatibilityVersion = "Xcode 9.3";
			developmentRegion = en;
			hasScannedForEncodings = 0;
			knownRegions = (
				en,
				Base,
			);
			mainGroup = EE2DEC2F24C121AB002ACC10;
			productRefGroup = EE2DEC3D24C121AC002ACC10 /* Products */;
			projectDirPath = "";
			projectRoot = "";
			targets = (
				EE2DEC3B24C121AC002ACC10 /* iOS */,
				EE2DEC4324C121AC002ACC10 /* macOS */,
			);
		};
/* End PBXProject section */

/* Begin PBXResourcesBuildPhase section */
		EE2DEC3A24C121AC002ACC10 /* Resources */ = {
			isa = PBXResourcesBuildPhase;
			buildActionMask = 2147483647;
			files = (
				EE2DEC4C24C121AC002ACC10 /* Assets.xcassets in Resources */,
			);
			runOnlyForDeploymentPostprocessing = 0;
		};
		EE2DEC4224C121AC002ACC10 /* Resources */ = {
			isa = PBXResourcesBuildPhase;
			buildActionMask = 2147483647;
			files = (
				EE2DEC4D24C121AC002ACC10 /* Assets.xcassets in Resources */,
			);
			runOnlyForDeploymentPostprocessing = 0;
		};
/* End PBXResourcesBuildPhase section */

/* Begin PBXSourcesBuildPhase section */
		EE2DEC3824C121AC002ACC10 /* Sources */ = {
			isa = PBXSourcesBuildPhase;
			buildActionMask = 2147483647;
			files = (
				EE2DEC4A24C121AC002ACC10 /* WeChat.swift in Sources */,
				EE9FDE6124C800F700D2B33A /* Colors.swift in Sources */,
				EE2DEC4824C121AC002ACC10 /* SwiftSpeechExamplesApp.swift in Sources */,
				EE9FDE6524C801D900D2B33A /* List.swift in Sources */,
				EE9FDE5E24C8007E00D2B33A /* Basic.swift in Sources */,
			);
			runOnlyForDeploymentPostprocessing = 0;
		};
		EE2DEC4024C121AC002ACC10 /* Sources */ = {
			isa = PBXSourcesBuildPhase;
			buildActionMask = 2147483647;
			files = (
				EE2DEC4B24C121AC002ACC10 /* WeChat.swift in Sources */,
				EE9FDE6224C800F700D2B33A /* Colors.swift in Sources */,
				EE2DEC4924C121AC002ACC10 /* SwiftSpeechExamplesApp.swift in Sources */,
				EE9FDE6624C801D900D2B33A /* List.swift in Sources */,
				EE9FDE5F24C8008900D2B33A /* Basic.swift in Sources */,
			);
			runOnlyForDeploymentPostprocessing = 0;
		};
/* End PBXSourcesBuildPhase section */

/* Begin XCBuildConfiguration section */
		EE2DEC4E24C121AC002ACC10 /* Debug */ = {
			isa = XCBuildConfiguration;
			buildSettings = {
				ALWAYS_SEARCH_USER_PATHS = NO;
				CLANG_ANALYZER_NONNULL = YES;
				CLANG_ANALYZER_NUMBER_OBJECT_CONVERSION = YES_AGGRESSIVE;
				CLANG_CXX_LANGUAGE_STANDARD = "gnu++14";
				CLANG_CXX_LIBRARY = "libc++";
				CLANG_ENABLE_MODULES = YES;
				CLANG_ENABLE_OBJC_ARC = YES;
				CLANG_ENABLE_OBJC_WEAK = YES;
				CLANG_WARN_BLOCK_CAPTURE_AUTORELEASING = YES;
				CLANG_WARN_BOOL_CONVERSION = YES;
				CLANG_WARN_COMMA = YES;
				CLANG_WARN_CONSTANT_CONVERSION = YES;
				CLANG_WARN_DEPRECATED_OBJC_IMPLEMENTATIONS = YES;
				CLANG_WARN_DIRECT_OBJC_ISA_USAGE = YES_ERROR;
				CLANG_WARN_DOCUMENTATION_COMMENTS = YES;
				CLANG_WARN_EMPTY_BODY = YES;
				CLANG_WARN_ENUM_CONVERSION = YES;
				CLANG_WARN_INFINITE_RECURSION = YES;
				CLANG_WARN_INT_CONVERSION = YES;
				CLANG_WARN_NON_LITERAL_NULL_CONVERSION = YES;
				CLANG_WARN_OBJC_IMPLICIT_RETAIN_SELF = YES;
				CLANG_WARN_OBJC_LITERAL_CONVERSION = YES;
				CLANG_WARN_OBJC_ROOT_CLASS = YES_ERROR;
				CLANG_WARN_QUOTED_INCLUDE_IN_FRAMEWORK_HEADER = YES;
				CLANG_WARN_RANGE_LOOP_ANALYSIS = YES;
				CLANG_WARN_STRICT_PROTOTYPES = YES;
				CLANG_WARN_SUSPICIOUS_MOVE = YES;
				CLANG_WARN_UNGUARDED_AVAILABILITY = YES_AGGRESSIVE;
				CLANG_WARN_UNREACHABLE_CODE = YES;
				CLANG_WARN__DUPLICATE_METHOD_MATCH = YES;
				COPY_PHASE_STRIP = NO;
				DEBUG_INFORMATION_FORMAT = dwarf;
				ENABLE_STRICT_OBJC_MSGSEND = YES;
				ENABLE_TESTABILITY = YES;
				GCC_C_LANGUAGE_STANDARD = gnu11;
				GCC_DYNAMIC_NO_PIC = NO;
				GCC_NO_COMMON_BLOCKS = YES;
				GCC_OPTIMIZATION_LEVEL = 0;
				GCC_PREPROCESSOR_DEFINITIONS = (
					"DEBUG=1",
					"$(inherited)",
				);
				GCC_WARN_64_TO_32_BIT_CONVERSION = YES;
				GCC_WARN_ABOUT_RETURN_TYPE = YES_ERROR;
				GCC_WARN_UNDECLARED_SELECTOR = YES;
				GCC_WARN_UNINITIALIZED_AUTOS = YES_AGGRESSIVE;
				GCC_WARN_UNUSED_FUNCTION = YES;
				GCC_WARN_UNUSED_VARIABLE = YES;
				MTL_ENABLE_DEBUG_INFO = INCLUDE_SOURCE;
				MTL_FAST_MATH = YES;
				ONLY_ACTIVE_ARCH = YES;
				SWIFT_ACTIVE_COMPILATION_CONDITIONS = DEBUG;
				SWIFT_OPTIMIZATION_LEVEL = "-Onone";
			};
			name = Debug;
		};
		EE2DEC4F24C121AC002ACC10 /* Release */ = {
			isa = XCBuildConfiguration;
			buildSettings = {
				ALWAYS_SEARCH_USER_PATHS = NO;
				CLANG_ANALYZER_NONNULL = YES;
				CLANG_ANALYZER_NUMBER_OBJECT_CONVERSION = YES_AGGRESSIVE;
				CLANG_CXX_LANGUAGE_STANDARD = "gnu++14";
				CLANG_CXX_LIBRARY = "libc++";
				CLANG_ENABLE_MODULES = YES;
				CLANG_ENABLE_OBJC_ARC = YES;
				CLANG_ENABLE_OBJC_WEAK = YES;
				CLANG_WARN_BLOCK_CAPTURE_AUTORELEASING = YES;
				CLANG_WARN_BOOL_CONVERSION = YES;
				CLANG_WARN_COMMA = YES;
				CLANG_WARN_CONSTANT_CONVERSION = YES;
				CLANG_WARN_DEPRECATED_OBJC_IMPLEMENTATIONS = YES;
				CLANG_WARN_DIRECT_OBJC_ISA_USAGE = YES_ERROR;
				CLANG_WARN_DOCUMENTATION_COMMENTS = YES;
				CLANG_WARN_EMPTY_BODY = YES;
				CLANG_WARN_ENUM_CONVERSION = YES;
				CLANG_WARN_INFINITE_RECURSION = YES;
				CLANG_WARN_INT_CONVERSION = YES;
				CLANG_WARN_NON_LITERAL_NULL_CONVERSION = YES;
				CLANG_WARN_OBJC_IMPLICIT_RETAIN_SELF = YES;
				CLANG_WARN_OBJC_LITERAL_CONVERSION = YES;
				CLANG_WARN_OBJC_ROOT_CLASS = YES_ERROR;
				CLANG_WARN_QUOTED_INCLUDE_IN_FRAMEWORK_HEADER = YES;
				CLANG_WARN_RANGE_LOOP_ANALYSIS = YES;
				CLANG_WARN_STRICT_PROTOTYPES = YES;
				CLANG_WARN_SUSPICIOUS_MOVE = YES;
				CLANG_WARN_UNGUARDED_AVAILABILITY = YES_AGGRESSIVE;
				CLANG_WARN_UNREACHABLE_CODE = YES;
				CLANG_WARN__DUPLICATE_METHOD_MATCH = YES;
				COPY_PHASE_STRIP = NO;
				DEBUG_INFORMATION_FORMAT = "dwarf-with-dsym";
				ENABLE_NS_ASSERTIONS = NO;
				ENABLE_STRICT_OBJC_MSGSEND = YES;
				GCC_C_LANGUAGE_STANDARD = gnu11;
				GCC_NO_COMMON_BLOCKS = YES;
				GCC_WARN_64_TO_32_BIT_CONVERSION = YES;
				GCC_WARN_ABOUT_RETURN_TYPE = YES_ERROR;
				GCC_WARN_UNDECLARED_SELECTOR = YES;
				GCC_WARN_UNINITIALIZED_AUTOS = YES_AGGRESSIVE;
				GCC_WARN_UNUSED_FUNCTION = YES;
				GCC_WARN_UNUSED_VARIABLE = YES;
				MTL_ENABLE_DEBUG_INFO = NO;
				MTL_FAST_MATH = YES;
				SWIFT_COMPILATION_MODE = wholemodule;
				SWIFT_OPTIMIZATION_LEVEL = "-O";
			};
			name = Release;
		};
		EE2DEC5124C121AC002ACC10 /* Debug */ = {
			isa = XCBuildConfiguration;
			buildSettings = {
				ASSETCATALOG_COMPILER_APPICON_NAME = AppIcon;
				ASSETCATALOG_COMPILER_GLOBAL_ACCENT_COLOR_NAME = AccentColor;
				CODE_SIGN_STYLE = Automatic;
				DEVELOPMENT_TEAM = LCFCZ68733;
				ENABLE_PREVIEWS = YES;
				INFOPLIST_FILE = iOS/Info.plist;
				IPHONEOS_DEPLOYMENT_TARGET = 14.0;
				LD_RUNPATH_SEARCH_PATHS = (
					"$(inherited)",
					"@executable_path/Frameworks",
				);
				PRODUCT_BUNDLE_IDENTIFIER = com.example.SwiftSpeechExamples;
				PRODUCT_NAME = SwiftSpeechExamples;
				SDKROOT = iphoneos;
				SWIFT_VERSION = 5.0;
				TARGETED_DEVICE_FAMILY = "1,2";
			};
			name = Debug;
		};
		EE2DEC5224C121AC002ACC10 /* Release */ = {
			isa = XCBuildConfiguration;
			buildSettings = {
				ASSETCATALOG_COMPILER_APPICON_NAME = AppIcon;
				ASSETCATALOG_COMPILER_GLOBAL_ACCENT_COLOR_NAME = AccentColor;
				CODE_SIGN_STYLE = Automatic;
				DEVELOPMENT_TEAM = LCFCZ68733;
				ENABLE_PREVIEWS = YES;
				INFOPLIST_FILE = iOS/Info.plist;
				IPHONEOS_DEPLOYMENT_TARGET = 14.0;
				LD_RUNPATH_SEARCH_PATHS = (
					"$(inherited)",
					"@executable_path/Frameworks",
				);
				PRODUCT_BUNDLE_IDENTIFIER = com.example.SwiftSpeechExamples;
				PRODUCT_NAME = SwiftSpeechExamples;
				SDKROOT = iphoneos;
				SWIFT_VERSION = 5.0;
				TARGETED_DEVICE_FAMILY = "1,2";
				VALIDATE_PRODUCT = YES;
			};
			name = Release;
		};
		EE2DEC5424C121AC002ACC10 /* Debug */ = {
			isa = XCBuildConfiguration;
			buildSettings = {
				ASSETCATALOG_COMPILER_APPICON_NAME = AppIcon;
				ASSETCATALOG_COMPILER_GLOBAL_ACCENT_COLOR_NAME = AccentColor;
				CODE_SIGN_ENTITLEMENTS = macOS/macOS.entitlements;
				CODE_SIGN_STYLE = Automatic;
				COMBINE_HIDPI_IMAGES = YES;
				DEVELOPMENT_TEAM = LCFCZ68733;
				ENABLE_HARDENED_RUNTIME = YES;
				ENABLE_PREVIEWS = YES;
				INFOPLIST_FILE = macOS/Info.plist;
				LD_RUNPATH_SEARCH_PATHS = (
					"$(inherited)",
					"@executable_path/../Frameworks",
				);
				MACOSX_DEPLOYMENT_TARGET = 10.16;
				PRODUCT_BUNDLE_IDENTIFIER = cayZ.SwiftSpeechExamples;
				PRODUCT_NAME = SwiftSpeechExamples;
				SDKROOT = macosx;
				SWIFT_VERSION = 5.0;
			};
			name = Debug;
		};
		EE2DEC5524C121AC002ACC10 /* Release */ = {
			isa = XCBuildConfiguration;
			buildSettings = {
				ASSETCATALOG_COMPILER_APPICON_NAME = AppIcon;
				ASSETCATALOG_COMPILER_GLOBAL_ACCENT_COLOR_NAME = AccentColor;
				CODE_SIGN_ENTITLEMENTS = macOS/macOS.entitlements;
				CODE_SIGN_STYLE = Automatic;
				COMBINE_HIDPI_IMAGES = YES;
				DEVELOPMENT_TEAM = LCFCZ68733;
				ENABLE_HARDENED_RUNTIME = YES;
				ENABLE_PREVIEWS = YES;
				INFOPLIST_FILE = macOS/Info.plist;
				LD_RUNPATH_SEARCH_PATHS = (
					"$(inherited)",
					"@executable_path/../Frameworks",
				);
				MACOSX_DEPLOYMENT_TARGET = 10.16;
				PRODUCT_BUNDLE_IDENTIFIER = cayZ.SwiftSpeechExamples;
				PRODUCT_NAME = SwiftSpeechExamples;
				SDKROOT = macosx;
				SWIFT_VERSION = 5.0;
			};
			name = Release;
		};
/* End XCBuildConfiguration section */

/* Begin XCConfigurationList section */
		EE2DEC3324C121AB002ACC10 /* Build configuration list for PBXProject "SwiftSpeechExamples" */ = {
			isa = XCConfigurationList;
			buildConfigurations = (
				EE2DEC4E24C121AC002ACC10 /* Debug */,
				EE2DEC4F24C121AC002ACC10 /* Release */,
			);
			defaultConfigurationIsVisible = 0;
			defaultConfigurationName = Release;
		};
		EE2DEC5024C121AC002ACC10 /* Build configuration list for PBXNativeTarget "iOS" */ = {
			isa = XCConfigurationList;
			buildConfigurations = (
				EE2DEC5124C121AC002ACC10 /* Debug */,
				EE2DEC5224C121AC002ACC10 /* Release */,
			);
			defaultConfigurationIsVisible = 0;
			defaultConfigurationName = Release;
		};
		EE2DEC5324C121AC002ACC10 /* Build configuration list for PBXNativeTarget "macOS" */ = {
			isa = XCConfigurationList;
			buildConfigurations = (
				EE2DEC5424C121AC002ACC10 /* Debug */,
				EE2DEC5524C121AC002ACC10 /* Release */,
			);
			defaultConfigurationIsVisible = 0;
			defaultConfigurationName = Release;
		};
/* End XCConfigurationList section */

/* Begin XCSwiftPackageProductDependency section */
		EE2DEC5724C1222C002ACC10 /* SwiftSpeech */ = {
			isa = XCSwiftPackageProductDependency;
			productName = SwiftSpeech;
		};
		EE2DEC5924C1223A002ACC10 /* SwiftSpeech */ = {
			isa = XCSwiftPackageProductDependency;
			productName = SwiftSpeech;
		};
/* End XCSwiftPackageProductDependency section */
	};
	rootObject = EE2DEC3024C121AB002ACC10 /* Project object */;
}
